
Microsoft Visual Studio Solution File, Format Version 12.00
# Visual Studio Version 17
VisualStudioVersion = 17.2.32516.85
MinimumVisualStudioVersion = 10.0.40219.1
Project("{FAE04EC0-301F-11D3-BF4B-00C04F79EFBC}") = "WinFormsApp", "WinFormsApp.csproj", "{C24095BC-29F1-4E8B-822D-1354515B975B}"
EndProject
Project("{FAE04EC0-301F-11D3-BF4B-00C04F79EFBC}") = "lib", "..\lib\lib.csproj", "{DE467834-099B-4AE1-A9FA-C2A0BC7F6EE9}"
EndProject
Global
	GlobalSection(SolutionConfigurationPlatforms) = preSolution
		Debug|Any CPU = Debug|Any CPU
		Release|Any CPU = Release|Any CPU
	EndGlobalSection
	GlobalSection(ProjectConfigurationPlatforms) = postSolution
		{C24095BC-29F1-4E8B-822D-1354515B975B}.Debug|Any CPU.ActiveCfg = Debug|Any CPU
		{C24095BC-29F1-4E8B-822D-1354515B975B}.Debug|Any CPU.Build.0 = Debug|Any CPU
		{C24095BC-29F1-4E8B-822D-1354515B975B}.Release|Any CPU.ActiveCfg = Release|Any CPU
		{C24095BC-29F1-4E8B-822D-1354515B975B}.Release|Any CPU.Build.0 = Release|Any CPU
		{DE467834-099B-4AE1-A9FA-C2A0BC7F6EE9}.Debug|Any CPU.ActiveCfg = Debug|Any CPU
		{DE467834-099B-4AE1-A9FA-C2A0BC7F6EE9}.Debug|Any CPU.Build.0 = Debug|Any CPU
		{DE467834-099B-4AE1-A9FA-C2A0BC7F6EE9}.Release|Any CPU.ActiveCfg = Release|Any CPU
		{DE467834-099B-4AE1-A9FA-C2A0BC7F6EE9}.Release|Any CPU.Build.0 = Release|Any CPU
	EndGlobalSection
	GlobalSection(SolutionProperties) = preSolution
		HideSolutionNode = FALSE
	EndGlobalSection
	GlobalSection(ExtensibilityGlobals) = postSolution
		SolutionGuid = {B9A382F1-FB76-4E0B-A44D-C55FAFA7AC01}
	EndGlobalSection
EndGlobal
